
Microsoft Visual Studio Solution File, Format Version 12.00
# Visual Studio Version 17
VisualStudioVersion = 17.9.34728.123
MinimumVisualStudioVersion = 10.0.40219.1
Project("{9A19103F-16F7-4668-BE54-9A1E7A4F7556}") = "KeepTheBeat", "KeepTheBeat\KeepTheBeat.csproj", "{C2AB88B2-0498-4E5E-B1ED-4254C6B51334}"
EndProject
Project("{FAE04EC0-301F-11D3-BF4B-00C04F79EFBC}") = "Keepthebeat.Test", "Keepthebeat.Test\Keepthebeat.Test.csproj", "{D6D38D85-B548-4B2E-BD27-AB1C87003DA3}"
EndProject
Global
	GlobalSection(SolutionConfigurationPlatforms) = preSolution
		Debug|Any CPU = Debug|Any CPU
		Release|Any CPU = Release|Any CPU
	EndGlobalSection
	GlobalSection(ProjectConfigurationPlatforms) = postSolution
		{C2AB88B2-0498-4E5E-B1ED-4254C6B51334}.Debug|Any CPU.ActiveCfg = Debug|Any CPU
		{C2AB88B2-0498-4E5E-B1ED-4254C6B51334}.Debug|Any CPU.Build.0 = Debug|Any CPU
		{C2AB88B2-0498-4E5E-B1ED-4254C6B51334}.Release|Any CPU.ActiveCfg = Release|Any CPU
		{C2AB88B2-0498-4E5E-B1ED-4254C6B51334}.Release|Any CPU.Build.0 = Release|Any CPU
		{D6D38D85-B548-4B2E-BD27-AB1C87003DA3}.Debug|Any CPU.ActiveCfg = Debug|Any CPU
		{D6D38D85-B548-4B2E-BD27-AB1C87003DA3}.Debug|Any CPU.Build.0 = Debug|Any CPU
		{D6D38D85-B548-4B2E-BD27-AB1C87003DA3}.Release|Any CPU.ActiveCfg = Release|Any CPU
		{D6D38D85-B548-4B2E-BD27-AB1C87003DA3}.Release|Any CPU.Build.0 = Release|Any CPU
	EndGlobalSection
	GlobalSection(SolutionProperties) = preSolution
		HideSolutionNode = FALSE
	EndGlobalSection
	GlobalSection(ExtensibilityGlobals) = postSolution
		SolutionGuid = {228BC0B7-3C1B-4214-BF82-891FCFF412A3}
	EndGlobalSection
EndGlobal
